<?xml version="1.0" encoding="utf-8"?>
<Project ToolsVersion="4.0" xmlns="http://schemas.microsoft.com/developer/msbuild/2003">
  <ItemGroup>
    <Filter Include="Source Files">
      <UniqueIdentifier>{4FC737F1-C7A5-4376-A066-2A32D752A2FF}</UniqueIdentifier>
      <Extensions>cpp;c;cc;cxx;def;odl;idl;hpj;bat;asm;asmx</Extensions>
    </Filter>
    <Filter Include="Header Files">
      <UniqueIdentifier>{93995380-89BD-4b04-88EB-625FBE52EBFB}</UniqueIdentifier>
      <Extensions>h;hh;hpp;hxx;hm;inl;inc;xsd</Extensions>
    </Filter>
    <Filter Include="Resource Files">
      <UniqueIdentifier>{67DA6AB6-F800-4c08-8B7A-83BB121AAD01}</UniqueIdentifier>
      <Extensions>rc;ico;cur;bmp;dlg;rc2;rct;bin;rgs;gif;jpg;jpeg;jpe;resx;tiff;tif;png;wav;mfcribbon-ms</Extensions>
    </Filter>
    <Filter Include="Header Files\ai">
      <UniqueIdentifier>{8a715c2e-41d6-4cf2-9566-0820894af6c3}</UniqueIdentifier>
    </Filter>
    <Filter Include="Header Files\bar">
      <UniqueIdentifier>{7b0227be-4fb2-4867-932b-fa9982a83f8a}</UniqueIdentifier>
    </Filter>
    <Filter Include="Header Files\models">
      <UniqueIdentifier>{b3b712d3-cf0c-4694-8fce-e6920d9ed54e}</UniqueIdentifier>
    </Filter>
    <Filter Include="Header Files\terrain">
      <UniqueIdentifier>{b420da15-2d59-48f8-9382-5559c542e214}</UniqueIdentifier>
    </Filter>
    <Filter Include="Header Files\types">
      <UniqueIdentifier>{5c023482-f98f-44cc-ab61-52f506d4bb6f}</UniqueIdentifier>
    </Filter>
    <Filter Include="Header Files\ui">
      <UniqueIdentifier>{8798b612-75a6-4162-bd88-072a5bd2cba7}</UniqueIdentifier>
    </Filter>
    <Filter Include="Header Files\util">
      <UniqueIdentifier>{951e5386-bf1f-45b1-aaf8-69aa75b8e1ad}</UniqueIdentifier>
    </Filter>
    <Filter Include="Source Files\ai">
      <UniqueIdentifier>{aff9fa78-feef-443b-80b6-3bd6164fe945}</UniqueIdentifier>
    </Filter>
    <Filter Include="Source Files\bar">
      <UniqueIdentifier>{61b445e0-eec7-458f-ab84-65d9b1c365eb}</UniqueIdentifier>
    </Filter>
    <Filter Include="Source Files\models">
      <UniqueIdentifier>{4f3d538e-10d5-4c57-963a-753fd9ededf0}</UniqueIdentifier>
    </Filter>
    <Filter Include="Source Files\util">
      <UniqueIdentifier>{7d121a36-4384-4d4e-9fe8-f935ec48ae76}</UniqueIdentifier>
    </Filter>
    <Filter Include="Source Files\ui">
      <UniqueIdentifier>{45219633-d452-4090-8bf1-03949429f417}</UniqueIdentifier>
    </Filter>
    <Filter Include="Source Files\types">
      <UniqueIdentifier>{aa3c3887-6715-4cd8-bf28-b5799a890181}</UniqueIdentifier>
    </Filter>
    <Filter Include="Source Files\terrain">
      <UniqueIdentifier>{464d5d41-dc1f-4d85-b6f5-9d4a92d94773}</UniqueIdentifier>
    </Filter>
    <Filter Include="Resource Files\Shaders">
      <UniqueIdentifier>{03eb5c00-351d-4bca-bdc8-4b979a233bd8}</UniqueIdentifier>
    </Filter>
    <Filter Include="Resource Files\Models">
      <UniqueIdentifier>{f68b00eb-333a-4d5d-b9a9-db00150fde8e}</UniqueIdentifier>
    </Filter>
  </ItemGroup>
  <ItemGroup>
    <ClCompile Include="GLMath.cpp">
      <Filter>Source Files\util</Filter>
    </ClCompile>
    <ClCompile Include="Matrix3f.cpp">
      <Filter>Source Files\util</Filter>
    </ClCompile>
    <ClCompile Include="Matrix4f.cpp">
      <Filter>Source Files\util</Filter>
    </ClCompile>
    <ClCompile Include="Vector2f.cpp">
      <Filter>Source Files\util</Filter>
    </ClCompile>
    <ClCompile Include="Vector4f.cpp">
      <Filter>Source Files\util</Filter>
    </ClCompile>
    <ClCompile Include="Vector3f.cpp">
      <Filter>Source Files\util</Filter>
    </ClCompile>
    <ClCompile Include="Runner.cpp">
      <Filter>Source Files\bar</Filter>
    </ClCompile>
    <ClCompile Include="Camera.cpp">
      <Filter>Source Files\bar</Filter>
    </ClCompile>
    <ClCompile Include="ShaderUtil.cpp">
      <Filter>Source Files\util</Filter>
    </ClCompile>
    <ClCompile Include="GameTimer.cpp">
      <Filter>Source Files\util</Filter>
    </ClCompile>
    <ClCompile Include="Terrain.cpp">
      <Filter>Source Files\terrain</Filter>
    </ClCompile>
    <ClCompile Include="TerrainSquare.cpp">
      <Filter>Source Files\terrain</Filter>
    </ClCompile>
    <ClCompile Include="BoxCoord.cpp">
      <Filter>Source Files\terrain</Filter>
    </ClCompile>
    <ClCompile Include="TerrainUtil.cpp">
      <Filter>Source Files\util</Filter>
    </ClCompile>
    <ClCompile Include="TerrainGenerator.cpp">
      <Filter>Source Files\terrain</Filter>
    </ClCompile>
    <ClCompile Include="Utility.cpp">
      <Filter>Source Files\util</Filter>
    </ClCompile>
    <ClCompile Include="Display.cpp">
      <Filter>Source Files\bar</Filter>
    </ClCompile>
    <ClCompile Include="Keyboard.cpp">
      <Filter>Source Files\bar</Filter>
    </ClCompile>
    <ClCompile Include="Mouse.cpp">
      <Filter>Source Files\bar</Filter>
    </ClCompile>
    <ClCompile Include="App.cpp">
      <Filter>Source Files\bar</Filter>
    </ClCompile>
    <ClCompile Include="Floor.cpp">
      <Filter>Source Files\terrain</Filter>
    </ClCompile>
    <ClCompile Include="ModelData.cpp">
      <Filter>Source Files\util</Filter>
    </ClCompile>
    <ClCompile Include="Face.cpp">
      <Filter>Source Files\models</Filter>
    </ClCompile>
    <ClCompile Include="Tree.cpp">
      <Filter>Source Files\models</Filter>
    </ClCompile>
    <ClCompile Include="Matrix2f.cpp">
      <Filter>Source Files\util</Filter>
    </ClCompile>
  </ItemGroup>
  <ItemGroup>
    <ClInclude Include="GLMath.h">
      <Filter>Header Files\util</Filter>
    </ClInclude>
    <ClInclude Include="GameTimer.h">
      <Filter>Header Files\util</Filter>
    </ClInclude>
    <ClInclude Include="Camera.h">
      <Filter>Header Files\bar</Filter>
    </ClInclude>
    <ClInclude Include="ShaderUtil.h">
      <Filter>Header Files\util</Filter>
    </ClInclude>
    <ClInclude Include="ModelList.h">
      <Filter>Header Files\util</Filter>
    </ClInclude>
    <ClInclude Include="Terrain.h">
      <Filter>Header Files\terrain</Filter>
    </ClInclude>
    <ClInclude Include="Text.h">
      <Filter>Header Files\util</Filter>
    </ClInclude>
    <ClInclude Include="Utility.h">
      <Filter>Header Files\util</Filter>
    </ClInclude>
    <ClInclude Include="TerrainUtil.h">
      <Filter>Header Files\util</Filter>
    </ClInclude>
    <ClInclude Include="MoveType.h">
      <Filter>Header Files\types</Filter>
    </ClInclude>
    <ClInclude Include="TerrainSquare.h">
      <Filter>Header Files\terrain</Filter>
    </ClInclude>
    <ClInclude Include="BoxCoord.h">
      <Filter>Header Files\terrain</Filter>
    </ClInclude>
    <ClInclude Include="TerrainGenerator.h">
      <Filter>Header Files\terrain</Filter>
    </ClInclude>
    <ClInclude Include="Settings.h">
      <Filter>Header Files\bar</Filter>
    </ClInclude>
    <ClInclude Include="Display.h">
      <Filter>Header Files\bar</Filter>
    </ClInclude>
    <ClInclude Include="Keyboard.h">
      <Filter>Header Files\bar</Filter>
    </ClInclude>
    <ClInclude Include="Mouse.h">
      <Filter>Header Files\bar</Filter>
    </ClInclude>
    <ClInclude Include="resource.h">
      <Filter>Header Files</Filter>
    </ClInclude>
    <ClInclude Include="App.h">
      <Filter>Header Files\bar</Filter>
    </ClInclude>
    <ClInclude Include="Floor.h">
      <Filter>Header Files\terrain</Filter>
    </ClInclude>
    <ClInclude Include="ModelData.h">
      <Filter>Header Files\util</Filter>
    </ClInclude>
    <ClInclude Include="Skeleton.h">
      <Filter>Header Files\models</Filter>
    </ClInclude>
    <ClInclude Include="Face.h">
      <Filter>Header Files\models</Filter>
    </ClInclude>
    <ClInclude Include="Tree.h">
      <Filter>Header Files\models</Filter>
    </ClInclude>
  </ItemGroup>
  <ItemGroup>
    <ResourceCompile Include="OpenGLTest.rc">
      <Filter>Resource Files</Filter>
    </ResourceCompile>
  </ItemGroup>
  <ItemGroup>
    <None Include="Terrain.frag">
      <Filter>Resource Files\Shaders</Filter>
    </None>
    <None Include="Terrain.vert">
      <Filter>Resource Files\Shaders</Filter>
    </None>
    <None Include="tree.bar">
      <Filter>Resource Files\Models</Filter>
    </None>
    <None Include="Tree.frag">
      <Filter>Resource Files\Shaders</Filter>
    </None>
    <None Include="Tree.vert">
      <Filter>Resource Files\Shaders</Filter>
    </None>
  </ItemGroup>
</Project>